Microsoft Visual Studio Solution File, Format Version 12.00
# Visual Studio Version 17
VisualStudioVersion = 17.10.34814.14
MinimumVisualStudioVersion = 10.0.40219.1
Project("{9A19103F-16F7-4668-BE54-9A1E7A4F7556}") = "SkUtil", "SkUtil\SkUtil.csproj", "{19289754-AD0C-4691-99B3-30251191FE04}"
EndProject
Project("{2150E333-8FDC-42A3-9474-1A3956D46DE8}") = "Utils", "Utils", "{D5DEBF01-EDD3-4C51-9CD4-E961E0AE1569}"
EndProject
Project("{2150E333-8FDC-42A3-9474-1A3956D46DE8}") = "01-CreateKernel", "01-CreateKernel", "{62D7CBF8-868C-40C0-9372-646873A900E0}"
EndProject
Project("{9A19103F-16F7-4668-BE54-9A1E7A4F7556}") = "SK_CreateKernel", "SK_CreateKernel\SK_CreateKernel.csproj", "{687CEF97-57A7-4708-B12F-B8282B32FBCA}"
EndProject
Project("{2150E333-8FDC-42A3-9474-1A3956D46DE8}") = "02-Plugins-Prompt function", "02-Plugins-Prompt function", "{8B4D17B9-0C1C-42CE-ABFB-A09C56D9268A}"
EndProject
Project("{9A19103F-16F7-4668-BE54-9A1E7A4F7556}") = "Prompt_function", "Prompt_function\Prompt_function.csproj", "{0BE84053-EA78-4291-9B64-BC42ED50E40C}"
EndProject
Project("{2150E333-8FDC-42A3-9474-1A3956D46DE8}") = "03-Prompts functions With Yaml", "03-Prompts functions With Yaml", "{669EEA24-6EDF-4CC7-93E6-05C5C73FB36E}"
EndProject
Project("{9A19103F-16F7-4668-BE54-9A1E7A4F7556}") = "PromptsFunctionsWithYaml", "PromptsFunctionsWithYaml\PromptsFunctionsWithYaml.csproj", "{96DCCD0D-FBB4-4329-A534-D633C5AB9A83}"
EndProject
Project("{2150E333-8FDC-42A3-9474-1A3956D46DE8}") = "04-Handlebars Prompt Template", "04-Handlebars Prompt Template", "{CB87F786-33DF-495B-BC1F-D8BC49FE02FE}"
EndProject
Project("{9A19103F-16F7-4668-BE54-9A1E7A4F7556}") = "PromptsFunctionsWithHandleBars", "PromptsFunctionsWithHandleBars\PromptsFunctionsWithHandleBars.csproj", "{DC9D6773-8749-47A7-BDDC-08CAC3A55832}"
EndProject
Project("{2150E333-8FDC-42A3-9474-1A3956D46DE8}") = "05-Function calling", "05-Function calling", "{1DBA5A86-38C8-4A31-B377-C302FD7BFC83}"
EndProject
Project("{9A19103F-16F7-4668-BE54-9A1E7A4F7556}") = "FunctionCalling", "FunctionCalling\FunctionCalling.csproj", "{747A5596-E183-4340-9E57-9DF71C076D46}"
EndProject
Project("{2150E333-8FDC-42A3-9474-1A3956D46DE8}") = "06-Plugins", "06-Plugins", "{BB93ECB7-7E7F-4958-9412-D24F8EE11722}"
EndProject
Project("{FAE04EC0-301F-11D3-BF4B-00C04F79EFBC}") = "SKPlugins", "SKPlugins\SKPlugins.csproj", "{A97B4121-96CA-4312-805E-2957CDB79947}"
EndProject
Global
	GlobalSection(ExtensibilityGlobals) = postSolution
		SolutionGuid = {BF3CC1D7-7CC9-4181-BB63-C455437DBB64}
	EndGlobalSection
	GlobalSection(NestedProjects) = preSolution
		{0BE84053-EA78-4291-9B64-BC42ED50E40C} = {8B4D17B9-0C1C-42CE-ABFB-A09C56D9268A}
		{19289754-AD0C-4691-99B3-30251191FE04} = {D5DEBF01-EDD3-4C51-9CD4-E961E0AE1569}
		{687CEF97-57A7-4708-B12F-B8282B32FBCA} = {62D7CBF8-868C-40C0-9372-646873A900E0}
		{747A5596-E183-4340-9E57-9DF71C076D46} = {1DBA5A86-38C8-4A31-B377-C302FD7BFC83}
		{96DCCD0D-FBB4-4329-A534-D633C5AB9A83} = {669EEA24-6EDF-4CC7-93E6-05C5C73FB36E}
		{A97B4121-96CA-4312-805E-2957CDB79947} = {BB93ECB7-7E7F-4958-9412-D24F8EE11722}
		{DC9D6773-8749-47A7-BDDC-08CAC3A55832} = {CB87F786-33DF-495B-BC1F-D8BC49FE02FE}
	EndGlobalSection
	GlobalSection(ProjectConfigurationPlatforms) = postSolution
		{0BE84053-EA78-4291-9B64-BC42ED50E40C}.Debug|Any CPU.ActiveCfg = Debug|Any CPU
		{0BE84053-EA78-4291-9B64-BC42ED50E40C}.Debug|Any CPU.Build.0 = Debug|Any CPU
		{0BE84053-EA78-4291-9B64-BC42ED50E40C}.Release|Any CPU.ActiveCfg = Release|Any CPU
		{0BE84053-EA78-4291-9B64-BC42ED50E40C}.Release|Any CPU.Build.0 = Release|Any CPU
		{19289754-AD0C-4691-99B3-30251191FE04}.Debug|Any CPU.ActiveCfg = Debug|Any CPU
		{19289754-AD0C-4691-99B3-30251191FE04}.Debug|Any CPU.Build.0 = Debug|Any CPU
		{19289754-AD0C-4691-99B3-30251191FE04}.Release|Any CPU.ActiveCfg = Release|Any CPU
		{19289754-AD0C-4691-99B3-30251191FE04}.Release|Any CPU.Build.0 = Release|Any CPU
		{687CEF97-57A7-4708-B12F-B8282B32FBCA}.Debug|Any CPU.ActiveCfg = Debug|Any CPU
		{687CEF97-57A7-4708-B12F-B8282B32FBCA}.Debug|Any CPU.Build.0 = Debug|Any CPU
		{687CEF97-57A7-4708-B12F-B8282B32FBCA}.Release|Any CPU.ActiveCfg = Release|Any CPU
		{687CEF97-57A7-4708-B12F-B8282B32FBCA}.Release|Any CPU.Build.0 = Release|Any CPU
		{747A5596-E183-4340-9E57-9DF71C076D46}.Debug|Any CPU.ActiveCfg = Debug|Any CPU
		{747A5596-E183-4340-9E57-9DF71C076D46}.Debug|Any CPU.Build.0 = Debug|Any CPU
		{747A5596-E183-4340-9E57-9DF71C076D46}.Release|Any CPU.ActiveCfg = Release|Any CPU
		{747A5596-E183-4340-9E57-9DF71C076D46}.Release|Any CPU.Build.0 = Release|Any CPU
		{96DCCD0D-FBB4-4329-A534-D633C5AB9A83}.Debug|Any CPU.ActiveCfg = Debug|Any CPU
		{96DCCD0D-FBB4-4329-A534-D633C5AB9A83}.Debug|Any CPU.Build.0 = Debug|Any CPU
		{96DCCD0D-FBB4-4329-A534-D633C5AB9A83}.Release|Any CPU.ActiveCfg = Release|Any CPU
		{96DCCD0D-FBB4-4329-A534-D633C5AB9A83}.Release|Any CPU.Build.0 = Release|Any CPU
		{A97B4121-96CA-4312-805E-2957CDB79947}.Debug|Any CPU.ActiveCfg = Debug|Any CPU
		{A97B4121-96CA-4312-805E-2957CDB79947}.Debug|Any CPU.Build.0 = Debug|Any CPU
		{A97B4121-96CA-4312-805E-2957CDB79947}.Release|Any CPU.ActiveCfg = Release|Any CPU
		{A97B4121-96CA-4312-805E-2957CDB79947}.Release|Any CPU.Build.0 = Release|Any CPU
		{DC9D6773-8749-47A7-BDDC-08CAC3A55832}.Debug|Any CPU.ActiveCfg = Debug|Any CPU
		{DC9D6773-8749-47A7-BDDC-08CAC3A55832}.Debug|Any CPU.Build.0 = Debug|Any CPU
		{DC9D6773-8749-47A7-BDDC-08CAC3A55832}.Release|Any CPU.ActiveCfg = Release|Any CPU
		{DC9D6773-8749-47A7-BDDC-08CAC3A55832}.Release|Any CPU.Build.0 = Release|Any CPU
	EndGlobalSection
	GlobalSection(SolutionConfigurationPlatforms) = preSolution
		Debug|Any CPU = Debug|Any CPU
		Release|Any CPU = Release|Any CPU
	EndGlobalSection
	GlobalSection(SolutionProperties) = preSolution
		HideSolutionNode = FALSE
	EndGlobalSection
EndGlobal
